
Microsoft Visual Studio Solution File, Format Version 12.00
# Visual Studio 15
VisualStudioVersion = 15.0.27703.2042
MinimumVisualStudioVersion = 10.0.40219.1
Project("{FAE04EC0-301F-11D3-BF4B-00C04F79EFBC}") = "FAD3", "FAD3.csproj", "{244B71F0-A919-46E9-B27F-3352D54DCD78}"
EndProject
Project("{54435603-DBB4-11D2-8724-00A0C9A8B90C}") = "Setup", "setup\Setup\Setup.vdproj", "{98F3E998-E133-47A8-86C7-4EA964DFD2D8}"
EndProject
Project("{FAE04EC0-301F-11D3-BF4B-00C04F79EFBC}") = "Owf.Controls.Office2007ColorPicker", "Owf.Controls.Office2007ColorPicker\Owf.Controls.Office2007ColorPicker.csproj", "{F017C4CB-751D-4F5D-8A72-96A279135473}"
EndProject
Project("{54435603-DBB4-11D2-8724-00A0C9A8B90C}") = "FADUpdaterMay212019", "updaters\FADUpdaterMay212019\FADUpdaterMay212019.vdproj", "{A1656005-2DF2-4B9C-BFF7-7A15182C37B1}"
EndProject
Global
	GlobalSection(SolutionConfigurationPlatforms) = preSolution
		Debug|Any CPU = Debug|Any CPU
		Debug|x64 = Debug|x64
		Debug|x86 = Debug|x86
		Release|Any CPU = Release|Any CPU
		Release|x64 = Release|x64
		Release|x86 = Release|x86
	EndGlobalSection
	GlobalSection(ProjectConfigurationPlatforms) = postSolution
		{244B71F0-A919-46E9-B27F-3352D54DCD78}.Debug|Any CPU.ActiveCfg = Debug|Any CPU
		{244B71F0-A919-46E9-B27F-3352D54DCD78}.Debug|Any CPU.Build.0 = Debug|Any CPU
		{244B71F0-A919-46E9-B27F-3352D54DCD78}.Debug|x64.ActiveCfg = Debug|Any CPU
		{244B71F0-A919-46E9-B27F-3352D54DCD78}.Debug|x64.Build.0 = Debug|Any CPU
		{244B71F0-A919-46E9-B27F-3352D54DCD78}.Debug|x86.ActiveCfg = Debug|Any CPU
		{244B71F0-A919-46E9-B27F-3352D54DCD78}.Debug|x86.Build.0 = Debug|Any CPU
		{244B71F0-A919-46E9-B27F-3352D54DCD78}.Release|Any CPU.ActiveCfg = Release|Any CPU
		{244B71F0-A919-46E9-B27F-3352D54DCD78}.Release|Any CPU.Build.0 = Release|Any CPU
		{244B71F0-A919-46E9-B27F-3352D54DCD78}.Release|x64.ActiveCfg = Release|Any CPU
		{244B71F0-A919-46E9-B27F-3352D54DCD78}.Release|x64.Build.0 = Release|Any CPU
		{244B71F0-A919-46E9-B27F-3352D54DCD78}.Release|x86.ActiveCfg = Release|Any CPU
		{244B71F0-A919-46E9-B27F-3352D54DCD78}.Release|x86.Build.0 = Release|Any CPU
		{98F3E998-E133-47A8-86C7-4EA964DFD2D8}.Debug|Any CPU.ActiveCfg = Release
		{98F3E998-E133-47A8-86C7-4EA964DFD2D8}.Debug|x64.ActiveCfg = Debug
		{98F3E998-E133-47A8-86C7-4EA964DFD2D8}.Debug|x64.Build.0 = Debug
		{98F3E998-E133-47A8-86C7-4EA964DFD2D8}.Debug|x86.ActiveCfg = Debug
		{98F3E998-E133-47A8-86C7-4EA964DFD2D8}.Debug|x86.Build.0 = Debug
		{98F3E998-E133-47A8-86C7-4EA964DFD2D8}.Release|Any CPU.ActiveCfg = Release
		{98F3E998-E133-47A8-86C7-4EA964DFD2D8}.Release|x64.ActiveCfg = Release
		{98F3E998-E133-47A8-86C7-4EA964DFD2D8}.Release|x64.Build.0 = Release
		{98F3E998-E133-47A8-86C7-4EA964DFD2D8}.Release|x86.ActiveCfg = Release
		{98F3E998-E133-47A8-86C7-4EA964DFD2D8}.Release|x86.Build.0 = Release
		{F017C4CB-751D-4F5D-8A72-96A279135473}.Debug|Any CPU.ActiveCfg = Debug|Any CPU
		{F017C4CB-751D-4F5D-8A72-96A279135473}.Debug|Any CPU.Build.0 = Debug|Any CPU
		{F017C4CB-751D-4F5D-8A72-96A279135473}.Debug|x64.ActiveCfg = Debug|Any CPU
		{F017C4CB-751D-4F5D-8A72-96A279135473}.Debug|x64.Build.0 = Debug|Any CPU
		{F017C4CB-751D-4F5D-8A72-96A279135473}.Debug|x86.ActiveCfg = Debug|Any CPU
		{F017C4CB-751D-4F5D-8A72-96A279135473}.Debug|x86.Build.0 = Debug|Any CPU
		{F017C4CB-751D-4F5D-8A72-96A279135473}.Release|Any CPU.ActiveCfg = Release|Any CPU
		{F017C4CB-751D-4F5D-8A72-96A279135473}.Release|Any CPU.Build.0 = Release|Any CPU
		{F017C4CB-751D-4F5D-8A72-96A279135473}.Release|x64.ActiveCfg = Release|Any CPU
		{F017C4CB-751D-4F5D-8A72-96A279135473}.Release|x64.Build.0 = Release|Any CPU
		{F017C4CB-751D-4F5D-8A72-96A279135473}.Release|x86.ActiveCfg = Release|Any CPU
		{F017C4CB-751D-4F5D-8A72-96A279135473}.Release|x86.Build.0 = Release|Any CPU
		{A1656005-2DF2-4B9C-BFF7-7A15182C37B1}.Debug|Any CPU.ActiveCfg = Debug
		{A1656005-2DF2-4B9C-BFF7-7A15182C37B1}.Debug|x64.ActiveCfg = Debug
		{A1656005-2DF2-4B9C-BFF7-7A15182C37B1}.Debug|x86.ActiveCfg = Debug
		{A1656005-2DF2-4B9C-BFF7-7A15182C37B1}.Release|Any CPU.ActiveCfg = Release
		{A1656005-2DF2-4B9C-BFF7-7A15182C37B1}.Release|x64.ActiveCfg = Release
		{A1656005-2DF2-4B9C-BFF7-7A15182C37B1}.Release|x86.ActiveCfg = Release
	EndGlobalSection
	GlobalSection(SolutionProperties) = preSolution
		HideSolutionNode = FALSE
	EndGlobalSection
	GlobalSection(ExtensibilityGlobals) = postSolution
		SolutionGuid = {10D3132B-E2A5-4BFE-B4F2-40EF041623DA}
	EndGlobalSection
EndGlobal
