
Microsoft Visual Studio Solution File, Format Version 12.00
# Visual Studio 15
VisualStudioVersion = 15.0.28307.960
MinimumVisualStudioVersion = 10.0.40219.1
Project("{54435603-DBB4-11D2-8724-00A0C9A8B90C}") = "FADUpdaterMar012020", "FADUpdaterMar012020\FADUpdaterMar012020.vdproj", "{45F9DB52-1B06-4A27-A4BB-369F6443C7ED}"
EndProject
Global
	GlobalSection(SolutionConfigurationPlatforms) = preSolution
		Debug|Default = Debug|Default
		Release|Default = Release|Default
	EndGlobalSection
	GlobalSection(ProjectConfigurationPlatforms) = postSolution
		{45F9DB52-1B06-4A27-A4BB-369F6443C7ED}.Debug|Default.ActiveCfg = Debug
		{45F9DB52-1B06-4A27-A4BB-369F6443C7ED}.Debug|Default.Build.0 = Debug
		{45F9DB52-1B06-4A27-A4BB-369F6443C7ED}.Release|Default.ActiveCfg = Release
		{45F9DB52-1B06-4A27-A4BB-369F6443C7ED}.Release|Default.Build.0 = Release
	EndGlobalSection
	GlobalSection(SolutionProperties) = preSolution
		HideSolutionNode = FALSE
	EndGlobalSection
	GlobalSection(ExtensibilityGlobals) = postSolution
		SolutionGuid = {6C097C19-F30D-489C-B113-8F57C74F65EB}
	EndGlobalSection
EndGlobal
